
Microsoft Visual Studio Solution File, Format Version 12.00
# Visual Studio 14
VisualStudioVersion = 14.0.22823.1
MinimumVisualStudioVersion = 10.0.40219.1
Project("{2150E333-8FDC-42A3-9474-1A3956D46DE8}") = "Tatan", "Tatan", "{FB7B21F9-2F74-497C-99AE-0795C15746E1}"
EndProject
Project("{2150E333-8FDC-42A3-9474-1A3956D46DE8}") = "Tatan.UnitTest", "Tatan.UnitTest", "{E36DC19E-F355-4E7D-A25F-B6A9DB1D9FA4}"
EndProject
Project("{FAE04EC0-301F-11D3-BF4B-00C04F79EFBC}") = "Tatan.Common", "Tatan.Common\Tatan.Common.csproj", "{BDBC7A1B-C33F-4D6F-8FFE-BE6FC1B929CA}"
EndProject
Project("{FAE04EC0-301F-11D3-BF4B-00C04F79EFBC}") = "Tatan.Data", "Tatan.Data\Tatan.Data.csproj", "{2A8B5777-0055-4215-B04A-CE73C091269C}"
EndProject
Project("{FAE04EC0-301F-11D3-BF4B-00C04F79EFBC}") = "Tatan.Common.UnitTest", "Tatan.Common.UnitTest\Tatan.Common.UnitTest.csproj", "{46FFB02A-9744-47A0-9E34-E8FB3D407B4D}"
EndProject
Project("{FAE04EC0-301F-11D3-BF4B-00C04F79EFBC}") = "Tatan.Data.UnitTest", "Tatan.Data.UnitTest\Tatan.Data.UnitTest.csproj", "{3A776CA8-BFF0-40AA-B60C-67B47F9C3F7A}"
EndProject
Project("{FAE04EC0-301F-11D3-BF4B-00C04F79EFBC}") = "Tatan.Web", "Tatan.Web\Tatan.Web.csproj", "{F1DC7453-2734-4DD9-9E1B-AFAE60D3271D}"
EndProject
Project("{FAE04EC0-301F-11D3-BF4B-00C04F79EFBC}") = "Tatan.Permission", "Tatan.Permission\Tatan.Permission.csproj", "{138D3393-AA0D-4D92-A76C-F2D48CAE17BC}"
EndProject
Project("{FAE04EC0-301F-11D3-BF4B-00C04F79EFBC}") = "Tatan.Workflow", "Tatan.Workflow\Tatan.Workflow.csproj", "{964871F1-6E8A-4B19-8063-55DBEC6BFF65}"
EndProject
Project("{2150E333-8FDC-42A3-9474-1A3956D46DE8}") = "Tatan.Services", "Tatan.Services", "{F18500D9-3F0B-4B0A-9B6A-D19DC32518A5}"
EndProject
Project("{2150E333-8FDC-42A3-9474-1A3956D46DE8}") = "Tatan.Sites", "Tatan.Sites", "{0E5DC040-7BCC-4894-8F30-02627692C6BA}"
EndProject
Project("{FAE04EC0-301F-11D3-BF4B-00C04F79EFBC}") = "Tatan.Refactoring", "Tatan.Refactoring\Tatan.Refactoring.csproj", "{EFE95498-F852-4AB8-920E-EC96F0AAE763}"
EndProject
Project("{FAE04EC0-301F-11D3-BF4B-00C04F79EFBC}") = "Tatan.Services.Rest", "Tatan.Services.Rest\Tatan.Services.Rest.csproj", "{233253F9-53C2-4D1A-BDA4-6B2DDF8C79DF}"
EndProject
Project("{FAE04EC0-301F-11D3-BF4B-00C04F79EFBC}") = "Tatan.Permission.UnitTest", "Tatan.Permission.UnitTest\Tatan.Permission.UnitTest.csproj", "{57A794EA-7F7F-40EA-B58D-6698A4199889}"
EndProject
Project("{FAE04EC0-301F-11D3-BF4B-00C04F79EFBC}") = "Tatan.Net", "Tatan.Net\Tatan.Net.csproj", "{508BF7D9-C4A0-41A1-ACF8-DB297715CCC2}"
EndProject
Project("{FAE04EC0-301F-11D3-BF4B-00C04F79EFBC}") = "Tatan.Domain", "Tatan.Domain\Tatan.Domain.csproj", "{B098D89E-75C5-4AE7-8568-B6820EF33FC5}"
EndProject
Project("{FAE04EC0-301F-11D3-BF4B-00C04F79EFBC}") = "Tatan.Workflow.UnitTest", "Tatan.Workflow.UnitTest\Tatan.Workflow.UnitTest.csproj", "{AC5B9806-0974-4812-8320-5A9F5C28E265}"
EndProject
Project("{FAE04EC0-301F-11D3-BF4B-00C04F79EFBC}") = "Tatan.ConsoleTest", "ConsoleTest\Tatan.ConsoleTest.csproj", "{6E6F0784-3AFC-406A-B510-DD39175F1CCE}"
EndProject
Project("{2150E333-8FDC-42A3-9474-1A3956D46DE8}") = "Tatan.12306", "Tatan.12306", "{B601420A-3868-4247-9BE6-4D838A0DF59C}"
EndProject
Project("{FAE04EC0-301F-11D3-BF4B-00C04F79EFBC}") = "Tatan.12306Logic", "Tatan.12306Logic\Tatan.12306Logic.csproj", "{FDB2F2E9-80C3-4D37-A6BC-8A290DD142AF}"
EndProject
Project("{FAE04EC0-301F-11D3-BF4B-00C04F79EFBC}") = "Tatan.12306Form", "Tatan.12306Form\Tatan.12306Form.csproj", "{29A7B15F-9793-4168-AE84-A7932DAEE803}"
EndProject
Global
	GlobalSection(SolutionConfigurationPlatforms) = preSolution
		Debug|Any CPU = Debug|Any CPU
		Release|Any CPU = Release|Any CPU
	EndGlobalSection
	GlobalSection(ProjectConfigurationPlatforms) = postSolution
		{BDBC7A1B-C33F-4D6F-8FFE-BE6FC1B929CA}.Debug|Any CPU.ActiveCfg = Debug|Any CPU
		{BDBC7A1B-C33F-4D6F-8FFE-BE6FC1B929CA}.Debug|Any CPU.Build.0 = Debug|Any CPU
		{BDBC7A1B-C33F-4D6F-8FFE-BE6FC1B929CA}.Release|Any CPU.ActiveCfg = Release|Any CPU
		{BDBC7A1B-C33F-4D6F-8FFE-BE6FC1B929CA}.Release|Any CPU.Build.0 = Release|Any CPU
		{2A8B5777-0055-4215-B04A-CE73C091269C}.Debug|Any CPU.ActiveCfg = Debug|Any CPU
		{2A8B5777-0055-4215-B04A-CE73C091269C}.Debug|Any CPU.Build.0 = Debug|Any CPU
		{2A8B5777-0055-4215-B04A-CE73C091269C}.Release|Any CPU.ActiveCfg = Release|Any CPU
		{2A8B5777-0055-4215-B04A-CE73C091269C}.Release|Any CPU.Build.0 = Release|Any CPU
		{46FFB02A-9744-47A0-9E34-E8FB3D407B4D}.Debug|Any CPU.ActiveCfg = Debug|Any CPU
		{46FFB02A-9744-47A0-9E34-E8FB3D407B4D}.Debug|Any CPU.Build.0 = Debug|Any CPU
		{46FFB02A-9744-47A0-9E34-E8FB3D407B4D}.Release|Any CPU.ActiveCfg = Release|Any CPU
		{46FFB02A-9744-47A0-9E34-E8FB3D407B4D}.Release|Any CPU.Build.0 = Release|Any CPU
		{3A776CA8-BFF0-40AA-B60C-67B47F9C3F7A}.Debug|Any CPU.ActiveCfg = Debug|Any CPU
		{3A776CA8-BFF0-40AA-B60C-67B47F9C3F7A}.Debug|Any CPU.Build.0 = Debug|Any CPU
		{3A776CA8-BFF0-40AA-B60C-67B47F9C3F7A}.Release|Any CPU.ActiveCfg = Release|Any CPU
		{3A776CA8-BFF0-40AA-B60C-67B47F9C3F7A}.Release|Any CPU.Build.0 = Release|Any CPU
		{F1DC7453-2734-4DD9-9E1B-AFAE60D3271D}.Debug|Any CPU.ActiveCfg = Debug|Any CPU
		{F1DC7453-2734-4DD9-9E1B-AFAE60D3271D}.Debug|Any CPU.Build.0 = Debug|Any CPU
		{F1DC7453-2734-4DD9-9E1B-AFAE60D3271D}.Release|Any CPU.ActiveCfg = Release|Any CPU
		{F1DC7453-2734-4DD9-9E1B-AFAE60D3271D}.Release|Any CPU.Build.0 = Release|Any CPU
		{138D3393-AA0D-4D92-A76C-F2D48CAE17BC}.Debug|Any CPU.ActiveCfg = Debug|Any CPU
		{138D3393-AA0D-4D92-A76C-F2D48CAE17BC}.Debug|Any CPU.Build.0 = Debug|Any CPU
		{138D3393-AA0D-4D92-A76C-F2D48CAE17BC}.Release|Any CPU.ActiveCfg = Release|Any CPU
		{138D3393-AA0D-4D92-A76C-F2D48CAE17BC}.Release|Any CPU.Build.0 = Release|Any CPU
		{964871F1-6E8A-4B19-8063-55DBEC6BFF65}.Debug|Any CPU.ActiveCfg = Debug|Any CPU
		{964871F1-6E8A-4B19-8063-55DBEC6BFF65}.Debug|Any CPU.Build.0 = Debug|Any CPU
		{964871F1-6E8A-4B19-8063-55DBEC6BFF65}.Release|Any CPU.ActiveCfg = Release|Any CPU
		{964871F1-6E8A-4B19-8063-55DBEC6BFF65}.Release|Any CPU.Build.0 = Release|Any CPU
		{EFE95498-F852-4AB8-920E-EC96F0AAE763}.Debug|Any CPU.ActiveCfg = Debug|Any CPU
		{EFE95498-F852-4AB8-920E-EC96F0AAE763}.Debug|Any CPU.Build.0 = Debug|Any CPU
		{EFE95498-F852-4AB8-920E-EC96F0AAE763}.Release|Any CPU.ActiveCfg = Release|Any CPU
		{EFE95498-F852-4AB8-920E-EC96F0AAE763}.Release|Any CPU.Build.0 = Release|Any CPU
		{233253F9-53C2-4D1A-BDA4-6B2DDF8C79DF}.Debug|Any CPU.ActiveCfg = Debug|Any CPU
		{233253F9-53C2-4D1A-BDA4-6B2DDF8C79DF}.Debug|Any CPU.Build.0 = Debug|Any CPU
		{233253F9-53C2-4D1A-BDA4-6B2DDF8C79DF}.Release|Any CPU.ActiveCfg = Release|Any CPU
		{233253F9-53C2-4D1A-BDA4-6B2DDF8C79DF}.Release|Any CPU.Build.0 = Release|Any CPU
		{57A794EA-7F7F-40EA-B58D-6698A4199889}.Debug|Any CPU.ActiveCfg = Debug|Any CPU
		{57A794EA-7F7F-40EA-B58D-6698A4199889}.Debug|Any CPU.Build.0 = Debug|Any CPU
		{57A794EA-7F7F-40EA-B58D-6698A4199889}.Release|Any CPU.ActiveCfg = Release|Any CPU
		{57A794EA-7F7F-40EA-B58D-6698A4199889}.Release|Any CPU.Build.0 = Release|Any CPU
		{508BF7D9-C4A0-41A1-ACF8-DB297715CCC2}.Debug|Any CPU.ActiveCfg = Debug|Any CPU
		{508BF7D9-C4A0-41A1-ACF8-DB297715CCC2}.Debug|Any CPU.Build.0 = Debug|Any CPU
		{508BF7D9-C4A0-41A1-ACF8-DB297715CCC2}.Release|Any CPU.ActiveCfg = Release|Any CPU
		{508BF7D9-C4A0-41A1-ACF8-DB297715CCC2}.Release|Any CPU.Build.0 = Release|Any CPU
		{B098D89E-75C5-4AE7-8568-B6820EF33FC5}.Debug|Any CPU.ActiveCfg = Debug|Any CPU
		{B098D89E-75C5-4AE7-8568-B6820EF33FC5}.Debug|Any CPU.Build.0 = Debug|Any CPU
		{B098D89E-75C5-4AE7-8568-B6820EF33FC5}.Release|Any CPU.ActiveCfg = Release|Any CPU
		{B098D89E-75C5-4AE7-8568-B6820EF33FC5}.Release|Any CPU.Build.0 = Release|Any CPU
		{AC5B9806-0974-4812-8320-5A9F5C28E265}.Debug|Any CPU.ActiveCfg = Debug|Any CPU
		{AC5B9806-0974-4812-8320-5A9F5C28E265}.Debug|Any CPU.Build.0 = Debug|Any CPU
		{AC5B9806-0974-4812-8320-5A9F5C28E265}.Release|Any CPU.ActiveCfg = Release|Any CPU
		{AC5B9806-0974-4812-8320-5A9F5C28E265}.Release|Any CPU.Build.0 = Release|Any CPU
		{6E6F0784-3AFC-406A-B510-DD39175F1CCE}.Debug|Any CPU.ActiveCfg = Debug|Any CPU
		{6E6F0784-3AFC-406A-B510-DD39175F1CCE}.Debug|Any CPU.Build.0 = Debug|Any CPU
		{6E6F0784-3AFC-406A-B510-DD39175F1CCE}.Release|Any CPU.ActiveCfg = Release|Any CPU
		{6E6F0784-3AFC-406A-B510-DD39175F1CCE}.Release|Any CPU.Build.0 = Release|Any CPU
		{FDB2F2E9-80C3-4D37-A6BC-8A290DD142AF}.Debug|Any CPU.ActiveCfg = Debug|Any CPU
		{FDB2F2E9-80C3-4D37-A6BC-8A290DD142AF}.Debug|Any CPU.Build.0 = Debug|Any CPU
		{FDB2F2E9-80C3-4D37-A6BC-8A290DD142AF}.Release|Any CPU.ActiveCfg = Release|Any CPU
		{FDB2F2E9-80C3-4D37-A6BC-8A290DD142AF}.Release|Any CPU.Build.0 = Release|Any CPU
		{29A7B15F-9793-4168-AE84-A7932DAEE803}.Debug|Any CPU.ActiveCfg = Debug|Any CPU
		{29A7B15F-9793-4168-AE84-A7932DAEE803}.Debug|Any CPU.Build.0 = Debug|Any CPU
		{29A7B15F-9793-4168-AE84-A7932DAEE803}.Release|Any CPU.ActiveCfg = Release|Any CPU
		{29A7B15F-9793-4168-AE84-A7932DAEE803}.Release|Any CPU.Build.0 = Release|Any CPU
	EndGlobalSection
	GlobalSection(SolutionProperties) = preSolution
		HideSolutionNode = FALSE
	EndGlobalSection
	GlobalSection(NestedProjects) = preSolution
		{BDBC7A1B-C33F-4D6F-8FFE-BE6FC1B929CA} = {FB7B21F9-2F74-497C-99AE-0795C15746E1}
		{2A8B5777-0055-4215-B04A-CE73C091269C} = {FB7B21F9-2F74-497C-99AE-0795C15746E1}
		{46FFB02A-9744-47A0-9E34-E8FB3D407B4D} = {E36DC19E-F355-4E7D-A25F-B6A9DB1D9FA4}
		{3A776CA8-BFF0-40AA-B60C-67B47F9C3F7A} = {E36DC19E-F355-4E7D-A25F-B6A9DB1D9FA4}
		{F1DC7453-2734-4DD9-9E1B-AFAE60D3271D} = {FB7B21F9-2F74-497C-99AE-0795C15746E1}
		{138D3393-AA0D-4D92-A76C-F2D48CAE17BC} = {FB7B21F9-2F74-497C-99AE-0795C15746E1}
		{964871F1-6E8A-4B19-8063-55DBEC6BFF65} = {FB7B21F9-2F74-497C-99AE-0795C15746E1}
		{EFE95498-F852-4AB8-920E-EC96F0AAE763} = {FB7B21F9-2F74-497C-99AE-0795C15746E1}
		{233253F9-53C2-4D1A-BDA4-6B2DDF8C79DF} = {F18500D9-3F0B-4B0A-9B6A-D19DC32518A5}
		{57A794EA-7F7F-40EA-B58D-6698A4199889} = {E36DC19E-F355-4E7D-A25F-B6A9DB1D9FA4}
		{508BF7D9-C4A0-41A1-ACF8-DB297715CCC2} = {FB7B21F9-2F74-497C-99AE-0795C15746E1}
		{B098D89E-75C5-4AE7-8568-B6820EF33FC5} = {FB7B21F9-2F74-497C-99AE-0795C15746E1}
		{AC5B9806-0974-4812-8320-5A9F5C28E265} = {E36DC19E-F355-4E7D-A25F-B6A9DB1D9FA4}
		{FDB2F2E9-80C3-4D37-A6BC-8A290DD142AF} = {B601420A-3868-4247-9BE6-4D838A0DF59C}
		{29A7B15F-9793-4168-AE84-A7932DAEE803} = {B601420A-3868-4247-9BE6-4D838A0DF59C}
	EndGlobalSection
EndGlobal
